
Microsoft Visual Studio Solution File, Format Version 12.00
# Visual Studio Version 17
VisualStudioVersion = 17.3.32819.101
MinimumVisualStudioVersion = 10.0.40219.1
Project("{FAE04EC0-301F-11D3-BF4B-00C04F79EFBC}") = "WebApiMascota", "WebApiMascota\WebApiMascota.csproj", "{44134C8A-80CD-4737-BB42-647FE725CC9A}"
EndProject
Global
	GlobalSection(SolutionConfigurationPlatforms) = preSolution
		Debug|Any CPU = Debug|Any CPU
		Release|Any CPU = Release|Any CPU
	EndGlobalSection
	GlobalSection(ProjectConfigurationPlatforms) = postSolution
		{44134C8A-80CD-4737-BB42-647FE725CC9A}.Debug|Any CPU.ActiveCfg = Debug|Any CPU
		{44134C8A-80CD-4737-BB42-647FE725CC9A}.Debug|Any CPU.Build.0 = Debug|Any CPU
		{44134C8A-80CD-4737-BB42-647FE725CC9A}.Release|Any CPU.ActiveCfg = Release|Any CPU
		{44134C8A-80CD-4737-BB42-647FE725CC9A}.Release|Any CPU.Build.0 = Release|Any CPU
	EndGlobalSection
	GlobalSection(SolutionProperties) = preSolution
		HideSolutionNode = FALSE
	EndGlobalSection
	GlobalSection(ExtensibilityGlobals) = postSolution
		SolutionGuid = {557C2228-349F-463E-9242-D00893D9F543}
	EndGlobalSection
EndGlobal
